// !$*UTF8*$!
{
	archiveVersion = 1;
	classes = {
	};
	objectVersion = 56;
	objects = {

/* Begin PBXBuildFile section */
		808AAE372985576300B1097F /* AppDelegate.swift in Sources */ = {isa = PBXBuildFile; fileRef = 808AAE362985576300B1097F /* AppDelegate.swift */; };
		808AAE392985576300B1097F /* SceneDelegate.swift in Sources */ = {isa = PBXBuildFile; fileRef = 808AAE382985576300B1097F /* SceneDelegate.swift */; };
		808AAE3B2985576300B1097F /* CookViewController.swift in Sources */ = {isa = PBXBuildFile; fileRef = 808AAE3A2985576300B1097F /* CookViewController.swift */; };
		808AAE3E2985576300B1097F /* Main.storyboard in Resources */ = {isa = PBXBuildFile; fileRef = 808AAE3C2985576300B1097F /* Main.storyboard */; };
		808AAE402985576500B1097F /* Assets.xcassets in Resources */ = {isa = PBXBuildFile; fileRef = 808AAE3F2985576500B1097F /* Assets.xcassets */; };
		808AAE432985576500B1097F /* LaunchScreen.storyboard in Resources */ = {isa = PBXBuildFile; fileRef = 808AAE412985576500B1097F /* LaunchScreen.storyboard */; };
		80C90D7C2992B9FF0002C943 /* EggBrain.swift in Sources */ = {isa = PBXBuildFile; fileRef = 80C90D7B2992B9FF0002C943 /* EggBrain.swift */; };
		80C90D7F2992BE8E0002C943 /* ResultViewController.swift in Sources */ = {isa = PBXBuildFile; fileRef = 80C90D7E2992BE8E0002C943 /* ResultViewController.swift */; };
		80F001FB2985A0B400241799 /* boiling.mp3 in Resources */ = {isa = PBXBuildFile; fileRef = 80F001FA2985A0B400241799 /* boiling.mp3 */; };
		80F001FF2989635E00241799 /* alarmbell.mp3 in Resources */ = {isa = PBXBuildFile; fileRef = 80F001FE2989635E00241799 /* alarmbell.mp3 */; };
/* End PBXBuildFile section */

/* Begin PBXFileReference section */
		808AAE332985576300B1097F /* Egg Timer.app */ = {isa = PBXFileReference; explicitFileType = wrapper.application; includeInIndex = 0; path = "Egg Timer.app"; sourceTree = BUILT_PRODUCTS_DIR; };
		808AAE362985576300B1097F /* AppDelegate.swift */ = {isa = PBXFileReference; lastKnownFileType = sourcecode.swift; path = AppDelegate.swift; sourceTree = "<group>"; };
		808AAE382985576300B1097F /* SceneDelegate.swift */ = {isa = PBXFileReference; lastKnownFileType = sourcecode.swift; path = SceneDelegate.swift; sourceTree = "<group>"; };
		808AAE3A2985576300B1097F /* CookViewController.swift */ = {isa = PBXFileReference; lastKnownFileType = sourcecode.swift; path = CookViewController.swift; sourceTree = "<group>"; };
		808AAE3D2985576300B1097F /* Base */ = {isa = PBXFileReference; lastKnownFileType = file.storyboard; name = Base; path = Base.lproj/Main.storyboard; sourceTree = "<group>"; };
		808AAE3F2985576500B1097F /* Assets.xcassets */ = {isa = PBXFileReference; lastKnownFileType = folder.assetcatalog; path = Assets.xcassets; sourceTree = "<group>"; };
		808AAE422985576500B1097F /* Base */ = {isa = PBXFileReference; lastKnownFileType = file.storyboard; name = Base; path = Base.lproj/LaunchScreen.storyboard; sourceTree = "<group>"; };
		808AAE442985576500B1097F /* Info.plist */ = {isa = PBXFileReference; lastKnownFileType = text.plist.xml; path = Info.plist; sourceTree = "<group>"; };
		80C90D7B2992B9FF0002C943 /* EggBrain.swift */ = {isa = PBXFileReference; lastKnownFileType = sourcecode.swift; path = EggBrain.swift; sourceTree = "<group>"; };
		80C90D7E2992BE8E0002C943 /* ResultViewController.swift */ = {isa = PBXFileReference; lastKnownFileType = sourcecode.swift; path = ResultViewController.swift; sourceTree = "<group>"; };
		80F001FA2985A0B400241799 /* boiling.mp3 */ = {isa = PBXFileReference; lastKnownFileType = audio.mp3; path = boiling.mp3; sourceTree = "<group>"; };
		80F001FE2989635E00241799 /* alarmbell.mp3 */ = {isa = PBXFileReference; lastKnownFileType = audio.mp3; path = alarmbell.mp3; sourceTree = "<group>"; };
/* End PBXFileReference section */

/* Begin PBXFrameworksBuildPhase section */
		808AAE302985576300B1097F /* Frameworks */ = {
			isa = PBXFrameworksBuildPhase;
			buildActionMask = 2147483647;
			files = (
			);
			runOnlyForDeploymentPostprocessing = 0;
		};
/* End PBXFrameworksBuildPhase section */

/* Begin PBXGroup section */
		808AAE2A2985576300B1097F = {
			isa = PBXGroup;
			children = (
				808AAE352985576300B1097F /* Egg Timer */,
				808AAE342985576300B1097F /* Products */,
			);
			sourceTree = "<group>";
		};
		808AAE342985576300B1097F /* Products */ = {
			isa = PBXGroup;
			children = (
				808AAE332985576300B1097F /* Egg Timer.app */,
			);
			name = Products;
			sourceTree = "<group>";
		};
		808AAE352985576300B1097F /* Egg Timer */ = {
			isa = PBXGroup;
			children = (
				808AAE362985576300B1097F /* AppDelegate.swift */,
				808AAE382985576300B1097F /* SceneDelegate.swift */,
				80C90D7D2992BA060002C943 /* Main */,
				80C90D792992B67A0002C943 /* View */,
				80C90D7A2992B6800002C943 /* Controller */,
				808AAE3F2985576500B1097F /* Assets.xcassets */,
				808AAE412985576500B1097F /* LaunchScreen.storyboard */,
				808AAE442985576500B1097F /* Info.plist */,
				80F001FA2985A0B400241799 /* boiling.mp3 */,
				80F001FE2989635E00241799 /* alarmbell.mp3 */,
			);
			path = "Egg Timer";
			sourceTree = "<group>";
		};
		80C90D792992B67A0002C943 /* View */ = {
			isa = PBXGroup;
			children = (
				808AAE3C2985576300B1097F /* Main.storyboard */,
			);
			path = View;
			sourceTree = "<group>";
		};
		80C90D7A2992B6800002C943 /* Controller */ = {
			isa = PBXGroup;
			children = (
				808AAE3A2985576300B1097F /* CookViewController.swift */,
				80C90D7E2992BE8E0002C943 /* ResultViewController.swift */,
			);
			path = Controller;
			sourceTree = "<group>";
		};
		80C90D7D2992BA060002C943 /* Main */ = {
			isa = PBXGroup;
			children = (
				80C90D7B2992B9FF0002C943 /* EggBrain.swift */,
			);
			path = Main;
			sourceTree = "<group>";
		};
/* End PBXGroup section */

/* Begin PBXNativeTarget section */
		808AAE322985576300B1097F /* Egg Timer */ = {
			isa = PBXNativeTarget;
			buildConfigurationList = 808AAE472985576500B1097F /* Build configuration list for PBXNativeTarget "Egg Timer" */;
			buildPhases = (
				808AAE2F2985576300B1097F /* Sources */,
				808AAE302985576300B1097F /* Frameworks */,
				808AAE312985576300B1097F /* Resources */,
			);
			buildRules = (
			);
			dependencies = (
			);
			name = "Egg Timer";
			productName = "Egg Timer";
			productReference = 808AAE332985576300B1097F /* Egg Timer.app */;
			productType = "com.apple.product-type.application";
		};
/* End PBXNativeTarget section */

/* Begin PBXProject section */
		808AAE2B2985576300B1097F /* Project object */ = {
			isa = PBXProject;
			attributes = {
				BuildIndependentTargetsInParallel = 1;
				LastSwiftUpdateCheck = 1410;
				LastUpgradeCheck = 1410;
				TargetAttributes = {
					808AAE322985576300B1097F = {
						CreatedOnToolsVersion = 14.1;
					};
				};
			};
			buildConfigurationList = 808AAE2E2985576300B1097F /* Build configuration list for PBXProject "Egg Timer" */;
			compatibilityVersion = "Xcode 14.0";
			developmentRegion = en;
			hasScannedForEncodings = 0;
			knownRegions = (
				en,
				Base,
			);
			mainGroup = 808AAE2A2985576300B1097F;
			productRefGroup = 808AAE342985576300B1097F /* Products */;
			projectDirPath = "";
			projectRoot = "";
			targets = (
				808AAE322985576300B1097F /* Egg Timer */,
			);
		};
/* End PBXProject section */

/* Begin PBXResourcesBuildPhase section */
		808AAE312985576300B1097F /* Resources */ = {
			isa = PBXResourcesBuildPhase;
			buildActionMask = 2147483647;
			files = (
				808AAE432985576500B1097F /* LaunchScreen.storyboard in Resources */,
				80F001FB2985A0B400241799 /* boiling.mp3 in Resources */,
				808AAE402985576500B1097F /* Assets.xcassets in Resources */,
				80F001FF2989635E00241799 /* alarmbell.mp3 in Resources */,
				808AAE3E2985576300B1097F /* Main.storyboard in Resources */,
			);
			runOnlyForDeploymentPostprocessing = 0;
		};
/* End PBXResourcesBuildPhase section */

/* Begin PBXSourcesBuildPhase section */
		808AAE2F2985576300B1097F /* Sources */ = {
			isa = PBXSourcesBuildPhase;
			buildActionMask = 2147483647;
			files = (
				80C90D7F2992BE8E0002C943 /* ResultViewController.swift in Sources */,
				80C90D7C2992B9FF0002C943 /* EggBrain.swift in Sources */,
				808AAE3B2985576300B1097F /* CookViewController.swift in Sources */,
				808AAE372985576300B1097F /* AppDelegate.swift in Sources */,
				808AAE392985576300B1097F /* SceneDelegate.swift in Sources */,
			);
			runOnlyForDeploymentPostprocessing = 0;
		};
/* End PBXSourcesBuildPhase section */

/* Begin PBXVariantGroup section */
		808AAE3C2985576300B1097F /* Main.storyboard */ = {
			isa = PBXVariantGroup;
			children = (
				808AAE3D2985576300B1097F /* Base */,
			);
			name = Main.storyboard;
			sourceTree = "<group>";
		};
		808AAE412985576500B1097F /* LaunchScreen.storyboard */ = {
			isa = PBXVariantGroup;
			children = (
				808AAE422985576500B1097F /* Base */,
			);
			name = LaunchScreen.storyboard;
			sourceTree = "<group>";
		};
/* End PBXVariantGroup section */

/* Begin XCBuildConfiguration section */
		808AAE452985576500B1097F /* Debug */ = {
			isa = XCBuildConfiguration;
			buildSettings = {
				ALWAYS_SEARCH_USER_PATHS = NO;
				CLANG_ANALYZER_NONNULL = YES;
				CLANG_ANALYZER_NUMBER_OBJECT_CONVERSION = YES_AGGRESSIVE;
				CLANG_CXX_LANGUAGE_STANDARD = "gnu++20";
				CLANG_ENABLE_MODULES = YES;
				CLANG_ENABLE_OBJC_ARC = YES;
				CLANG_ENABLE_OBJC_WEAK = YES;
				CLANG_WARN_BLOCK_CAPTURE_AUTORELEASING = YES;
				CLANG_WARN_BOOL_CONVERSION = YES;
				CLANG_WARN_COMMA = YES;
				CLANG_WARN_CONSTANT_CONVERSION = YES;
				CLANG_WARN_DEPRECATED_OBJC_IMPLEMENTATIONS = YES;
				CLANG_WARN_DIRECT_OBJC_ISA_USAGE = YES_ERROR;
				CLANG_WARN_DOCUMENTATION_COMMENTS = YES;
				CLANG_WARN_EMPTY_BODY = YES;
				CLANG_WARN_ENUM_CONVERSION = YES;
				CLANG_WARN_INFINITE_RECURSION = YES;
				CLANG_WARN_INT_CONVERSION = YES;
				CLANG_WARN_NON_LITERAL_NULL_CONVERSION = YES;
				CLANG_WARN_OBJC_IMPLICIT_RETAIN_SELF = YES;
				CLANG_WARN_OBJC_LITERAL_CONVERSION = YES;
				CLANG_WARN_OBJC_ROOT_CLASS = YES_ERROR;
				CLANG_WARN_QUOTED_INCLUDE_IN_FRAMEWORK_HEADER = YES;
				CLANG_WARN_RANGE_LOOP_ANALYSIS = YES;
				CLANG_WARN_STRICT_PROTOTYPES = YES;
				CLANG_WARN_SUSPICIOUS_MOVE = YES;
				CLANG_WARN_UNGUARDED_AVAILABILITY = YES_AGGRESSIVE;
				CLANG_WARN_UNREACHABLE_CODE = YES;
				CLANG_WARN__DUPLICATE_METHOD_MATCH = YES;
				COPY_PHASE_STRIP = NO;
				DEBUG_INFORMATION_FORMAT = dwarf;
				ENABLE_STRICT_OBJC_MSGSEND = YES;
				ENABLE_TESTABILITY = YES;
				GCC_C_LANGUAGE_STANDARD = gnu11;
				GCC_DYNAMIC_NO_PIC = NO;
				GCC_NO_COMMON_BLOCKS = YES;
				GCC_OPTIMIZATION_LEVEL = 0;
				GCC_PREPROCESSOR_DEFINITIONS = (
					"DEBUG=1",
					"$(inherited)",
				);
				GCC_WARN_64_TO_32_BIT_CONVERSION = YES;
				GCC_WARN_ABOUT_RETURN_TYPE = YES_ERROR;
				GCC_WARN_UNDECLARED_SELECTOR = YES;
				GCC_WARN_UNINITIALIZED_AUTOS = YES_AGGRESSIVE;
				GCC_WARN_UNUSED_FUNCTION = YES;
				GCC_WARN_UNUSED_VARIABLE = YES;
				IPHONEOS_DEPLOYMENT_TARGET = 16.1;
				MTL_ENABLE_DEBUG_INFO = INCLUDE_SOURCE;
				MTL_FAST_MATH = YES;
				ONLY_ACTIVE_ARCH = YES;
				SDKROOT = iphoneos;
				SWIFT_ACTIVE_COMPILATION_CONDITIONS = DEBUG;
				SWIFT_OPTIMIZATION_LEVEL = "-Onone";
			};
			name = Debug;
		};
		808AAE462985576500B1097F /* Release */ = {
			isa = XCBuildConfiguration;
			buildSettings = {
				ALWAYS_SEARCH_USER_PATHS = NO;
				CLANG_ANALYZER_NONNULL = YES;
				CLANG_ANALYZER_NUMBER_OBJECT_CONVERSION = YES_AGGRESSIVE;
				CLANG_CXX_LANGUAGE_STANDARD = "gnu++20";
				CLANG_ENABLE_MODULES = YES;
				CLANG_ENABLE_OBJC_ARC = YES;
				CLANG_ENABLE_OBJC_WEAK = YES;
				CLANG_WARN_BLOCK_CAPTURE_AUTORELEASING = YES;
				CLANG_WARN_BOOL_CONVERSION = YES;
				CLANG_WARN_COMMA = YES;
				CLANG_WARN_CONSTANT_CONVERSION = YES;
				CLANG_WARN_DEPRECATED_OBJC_IMPLEMENTATIONS = YES;
				CLANG_WARN_DIRECT_OBJC_ISA_USAGE = YES_ERROR;
				CLANG_WARN_DOCUMENTATION_COMMENTS = YES;
				CLANG_WARN_EMPTY_BODY = YES;
				CLANG_WARN_ENUM_CONVERSION = YES;
				CLANG_WARN_INFINITE_RECURSION = YES;
				CLANG_WARN_INT_CONVERSION = YES;
				CLANG_WARN_NON_LITERAL_NULL_CONVERSION = YES;
				CLANG_WARN_OBJC_IMPLICIT_RETAIN_SELF = YES;
				CLANG_WARN_OBJC_LITERAL_CONVERSION = YES;
				CLANG_WARN_OBJC_ROOT_CLASS = YES_ERROR;
				CLANG_WARN_QUOTED_INCLUDE_IN_FRAMEWORK_HEADER = YES;
				CLANG_WARN_RANGE_LOOP_ANALYSIS = YES;
				CLANG_WARN_STRICT_PROTOTYPES = YES;
				CLANG_WARN_SUSPICIOUS_MOVE = YES;
				CLANG_WARN_UNGUARDED_AVAILABILITY = YES_AGGRESSIVE;
				CLANG_WARN_UNREACHABLE_CODE = YES;
				CLANG_WARN__DUPLICATE_METHOD_MATCH = YES;
				COPY_PHASE_STRIP = NO;
				DEBUG_INFORMATION_FORMAT = "dwarf-with-dsym";
				ENABLE_NS_ASSERTIONS = NO;
				ENABLE_STRICT_OBJC_MSGSEND = YES;
				GCC_C_LANGUAGE_STANDARD = gnu11;
				GCC_NO_COMMON_BLOCKS = YES;
				GCC_WARN_64_TO_32_BIT_CONVERSION = YES;
				GCC_WARN_ABOUT_RETURN_TYPE = YES_ERROR;
				GCC_WARN_UNDECLARED_SELECTOR = YES;
				GCC_WARN_UNINITIALIZED_AUTOS = YES_AGGRESSIVE;
				GCC_WARN_UNUSED_FUNCTION = YES;
				GCC_WARN_UNUSED_VARIABLE = YES;
				IPHONEOS_DEPLOYMENT_TARGET = 16.1;
				MTL_ENABLE_DEBUG_INFO = NO;
				MTL_FAST_MATH = YES;
				SDKROOT = iphoneos;
				SWIFT_COMPILATION_MODE = wholemodule;
				SWIFT_OPTIMIZATION_LEVEL = "-O";
				VALIDATE_PRODUCT = YES;
			};
			name = Release;
		};
		808AAE482985576500B1097F /* Debug */ = {
			isa = XCBuildConfiguration;
			buildSettings = {
				ASSETCATALOG_COMPILER_APPICON_NAME = AppIcon;
				ASSETCATALOG_COMPILER_GLOBAL_ACCENT_COLOR_NAME = AccentColor;
				CODE_SIGN_STYLE = Automatic;
				CURRENT_PROJECT_VERSION = 1;
				GENERATE_INFOPLIST_FILE = YES;
				INFOPLIST_FILE = "Egg Timer/Info.plist";
				INFOPLIST_KEY_UIApplicationSupportsIndirectInputEvents = YES;
				INFOPLIST_KEY_UILaunchStoryboardName = LaunchScreen;
				INFOPLIST_KEY_UIMainStoryboardFile = Main;
				INFOPLIST_KEY_UISupportedInterfaceOrientations_iPad = "UIInterfaceOrientationPortrait UIInterfaceOrientationPortraitUpsideDown UIInterfaceOrientationLandscapeLeft UIInterfaceOrientationLandscapeRight";
				INFOPLIST_KEY_UISupportedInterfaceOrientations_iPhone = "UIInterfaceOrientationPortrait UIInterfaceOrientationLandscapeLeft UIInterfaceOrientationLandscapeRight";
				LD_RUNPATH_SEARCH_PATHS = (
					"$(inherited)",
					"@executable_path/Frameworks",
				);
				MARKETING_VERSION = 1.0;
				PRODUCT_BUNDLE_IDENTIFIER = "com.zungi.Egg-Timer";
				PRODUCT_NAME = "$(TARGET_NAME)";
				SWIFT_EMIT_LOC_STRINGS = YES;
				SWIFT_VERSION = 5.0;
				TARGETED_DEVICE_FAMILY = "1,2";
			};
			name = Debug;
		};
		808AAE492985576500B1097F /* Release */ = {
			isa = XCBuildConfiguration;
			buildSettings = {
				ASSETCATALOG_COMPILER_APPICON_NAME = AppIcon;
				ASSETCATALOG_COMPILER_GLOBAL_ACCENT_COLOR_NAME = AccentColor;
				CODE_SIGN_STYLE = Automatic;
				CURRENT_PROJECT_VERSION = 1;
				GENERATE_INFOPLIST_FILE = YES;
				INFOPLIST_FILE = "Egg Timer/Info.plist";
				INFOPLIST_KEY_UIApplicationSupportsIndirectInputEvents = YES;
				INFOPLIST_KEY_UILaunchStoryboardName = LaunchScreen;
				INFOPLIST_KEY_UIMainStoryboardFile = Main;
				INFOPLIST_KEY_UISupportedInterfaceOrientations_iPad = "UIInterfaceOrientationPortrait UIInterfaceOrientationPortraitUpsideDown UIInterfaceOrientationLandscapeLeft UIInterfaceOrientationLandscapeRight";
				INFOPLIST_KEY_UISupportedInterfaceOrientations_iPhone = "UIInterfaceOrientationPortrait UIInterfaceOrientationLandscapeLeft UIInterfaceOrientationLandscapeRight";
				LD_RUNPATH_SEARCH_PATHS = (
					"$(inherited)",
					"@executable_path/Frameworks",
				);
				MARKETING_VERSION = 1.0;
				PRODUCT_BUNDLE_IDENTIFIER = "com.zungi.Egg-Timer";
				PRODUCT_NAME = "$(TARGET_NAME)";
				SWIFT_EMIT_LOC_STRINGS = YES;
				SWIFT_VERSION = 5.0;
				TARGETED_DEVICE_FAMILY = "1,2";
			};
			name = Release;
		};
/* End XCBuildConfiguration section */

/* Begin XCConfigurationList section */
		808AAE2E2985576300B1097F /* Build configuration list for PBXProject "Egg Timer" */ = {
			isa = XCConfigurationList;
			buildConfigurations = (
				808AAE452985576500B1097F /* Debug */,
				808AAE462985576500B1097F /* Release */,
			);
			defaultConfigurationIsVisible = 0;
			defaultConfigurationName = Release;
		};
		808AAE472985576500B1097F /* Build configuration list for PBXNativeTarget "Egg Timer" */ = {
			isa = XCConfigurationList;
			buildConfigurations = (
				808AAE482985576500B1097F /* Debug */,
				808AAE492985576500B1097F /* Release */,
			);
			defaultConfigurationIsVisible = 0;
			defaultConfigurationName = Release;
		};
/* End XCConfigurationList section */
	};
	rootObject = 808AAE2B2985576300B1097F /* Project object */;
}
